
Microsoft Visual Studio Solution File, Format Version 12.00
# Visual Studio Version 18
VisualStudioVersion = 18.3.11222.16
MinimumVisualStudioVersion = 10.0.40219.1
Project("{2150E333-8FDC-42A3-9474-1A3956D46DE8}") = "src", "src", "{827E0CD3-B72D-47B6-A68D-7590B98EB39B}"
EndProject
Project("{2150E333-8FDC-42A3-9474-1A3956D46DE8}") = "Dx.Domain.Analyzers", "Dx.Domain.Analyzers", "{8896DB74-0AE7-76AB-6D88-DC3480EC5654}"
EndProject
Project("{FAE04EC0-301F-11D3-BF4B-00C04F79EFBC}") = "Dx.Domain.Analyzers", "src\Dx.Domain.Analyzers\Dx.Domain.Analyzers.csproj", "{C134ACFD-FFDA-4C86-918B-C9B50754DCF7}"
EndProject
Project("{2150E333-8FDC-42A3-9474-1A3956D46DE8}") = "Dx.Domain.Generators", "Dx.Domain.Generators", "{F189ED35-A94B-7D30-0619-447111534BBD}"
EndProject
Project("{FAE04EC0-301F-11D3-BF4B-00C04F79EFBC}") = "Dx.Domain.Generators", "src\Dx.Domain.Generators\Dx.Domain.Generators.csproj", "{A93BA84F-CA28-4A1B-9124-EDA102D9C96C}"
EndProject
Project("{2150E333-8FDC-42A3-9474-1A3956D46DE8}") = "builds", "builds", "{23C415C5-9A2F-4DAB-91F7-96C480B17B11}"
	ProjectSection(SolutionItems) = preProject
		Directory.Build.props = Directory.Build.props
		Directory.Build.targets = Directory.Build.targets
		builds\ci\Dx.CI.props = builds\ci\Dx.CI.props
		builds\common\Dx.Constants.props = builds\common\Dx.Constants.props
		builds\common\Dx.Defaults.props = builds\common\Dx.Defaults.props
		builds\policy\Dx.Forbidden.props = builds\policy\Dx.Forbidden.props
		builds\policy\Dx.Governance.targets = builds\policy\Dx.Governance.targets
		builds\identity\Dx.Identity.props = builds\identity\Dx.Identity.props
		builds\common\Dx.ProjectKinds.props = builds\common\Dx.ProjectKinds.props
		builds\Dx.Props.hierarchical.props = builds\Dx.Props.hierarchical.props
		builds\Dx.Props.hierarchical.targets = builds\Dx.Props.hierarchical.targets
		builds\identity\Dx.ResolveIdentity.targets = builds\identity\Dx.ResolveIdentity.targets
		builds\common\Dx.Versions.props = builds\common\Dx.Versions.props
	EndProjectSection
EndProject
Project("{2150E333-8FDC-42A3-9474-1A3956D46DE8}") = "Solution", "Solution", "{D829B9CA-75B7-4129-962A-2E31338C4A20}"
	ProjectSection(SolutionItems) = preProject
		.editorconfig = .editorconfig
		.gitattributes = .gitattributes
		.gitignore = .gitignore
		docfx.json = docfx.json
		Dockerfile = Dockerfile
		favicon.png = favicon.png
		filterConfig.yml = filterConfig.yml
		test.runsettings = test.runsettings
		toc.yml = toc.yml
	EndProjectSection
EndProject
Project("{2150E333-8FDC-42A3-9474-1A3956D46DE8}") = "docs", "docs", "{8A1CD592-6BF5-4BA4-BA7E-829C80C3505E}"
	ProjectSection(SolutionItems) = preProject
		CHANGELOG.md = CHANGELOG.md
		CONTRIBUTING.md = CONTRIBUTING.md
		docs\DPI.md = docs\DPI.md
		docs\kernel.refactorization.specification.md = docs\kernel.refactorization.specification.md
		LICENSE = LICENSE
		docs\MANIFESTO.md = docs\MANIFESTO.md
		docs\NON_GOALS.md = docs\NON_GOALS.md
		README.md = README.md
	EndProjectSection
EndProject
Project("{2150E333-8FDC-42A3-9474-1A3956D46DE8}") = "GitHub Actions", "GitHub Actions", "{F647DAB3-D845-4E0A-BE5B-425612706944}"
	ProjectSection(SolutionItems) = preProject
		.github\workflows\ci-cd.yml = .github\workflows\ci-cd.yml
		.github\workflows\docfx.yml = .github\workflows\docfx.yml
		.github\workflows\enforce-dpi.yml = .github\workflows\enforce-dpi.yml
		.github\PULL_REQUEST_TEMPLATE.md = .github\PULL_REQUEST_TEMPLATE.md
	EndProjectSection
EndProject
Project("{FAE04EC0-301F-11D3-BF4B-00C04F79EFBC}") = "Dx.Domain.analyzers.Tests", "tests\Dx.Domain.analyzers.Tests\Dx.Domain.analyzers.Tests.csproj", "{8E313E44-DEF8-FBE9-D72F-52DE56205732}"
EndProject
Project("{FAE04EC0-301F-11D3-BF4B-00C04F79EFBC}") = "Dx.Domain.Generators.Tests", "tests\Dx.Domain.Generators.Tests\Dx.Domain.Generators.Tests.csproj", "{53704AB1-7E21-0CE3-54E9-1847EB572476}"
EndProject
Project("{2150E333-8FDC-42A3-9474-1A3956D46DE8}") = "analyzer", "analyzer", "{93A06F62-3201-49B9-AA69-179DF003004A}"
	ProjectSection(SolutionItems) = preProject
		builds\analyzer\analyzer.props = builds\analyzer\analyzer.props
		builds\analyzer\analyzer.targets = builds\analyzer\analyzer.targets
	EndProjectSection
EndProject
Project("{FAE04EC0-301F-11D3-BF4B-00C04F79EFBC}") = "Dx.Domain.Primitives", "src\Dx.Domain.Primitives\Dx.Domain.Primitives.csproj", "{03575C94-4E1B-4096-931A-E721420EAC4B}"
EndProject
Project("{2150E333-8FDC-42A3-9474-1A3956D46DE8}") = "Dx.Domain.Annotations", "Dx.Domain.Annotations", "{36A5552C-FC8E-78A5-7FA7-BBB9C0D8AE5C}"
EndProject
Project("{FAE04EC0-301F-11D3-BF4B-00C04F79EFBC}") = "Dx.Domain.Annotations", "src\Dx.Domain.Annotations\Dx.Domain.Annotations.csproj", "{BDDE36EC-A6CA-426C-A455-E1A6A393DA5C}"
EndProject
Global
	GlobalSection(SolutionConfigurationPlatforms) = preSolution
		Debug|Any CPU = Debug|Any CPU
		Debug|x64 = Debug|x64
		Debug|x86 = Debug|x86
		Release|Any CPU = Release|Any CPU
		Release|x64 = Release|x64
		Release|x86 = Release|x86
	EndGlobalSection
	GlobalSection(ProjectConfigurationPlatforms) = postSolution
		{C134ACFD-FFDA-4C86-918B-C9B50754DCF7}.Debug|Any CPU.ActiveCfg = Debug|Any CPU
		{C134ACFD-FFDA-4C86-918B-C9B50754DCF7}.Debug|Any CPU.Build.0 = Debug|Any CPU
		{C134ACFD-FFDA-4C86-918B-C9B50754DCF7}.Debug|x64.ActiveCfg = Debug|Any CPU
		{C134ACFD-FFDA-4C86-918B-C9B50754DCF7}.Debug|x64.Build.0 = Debug|Any CPU
		{C134ACFD-FFDA-4C86-918B-C9B50754DCF7}.Debug|x86.ActiveCfg = Debug|Any CPU
		{C134ACFD-FFDA-4C86-918B-C9B50754DCF7}.Debug|x86.Build.0 = Debug|Any CPU
		{C134ACFD-FFDA-4C86-918B-C9B50754DCF7}.Release|Any CPU.ActiveCfg = Release|Any CPU
		{C134ACFD-FFDA-4C86-918B-C9B50754DCF7}.Release|Any CPU.Build.0 = Release|Any CPU
		{C134ACFD-FFDA-4C86-918B-C9B50754DCF7}.Release|x64.ActiveCfg = Release|Any CPU
		{C134ACFD-FFDA-4C86-918B-C9B50754DCF7}.Release|x64.Build.0 = Release|Any CPU
		{C134ACFD-FFDA-4C86-918B-C9B50754DCF7}.Release|x86.ActiveCfg = Release|Any CPU
		{C134ACFD-FFDA-4C86-918B-C9B50754DCF7}.Release|x86.Build.0 = Release|Any CPU
		{A93BA84F-CA28-4A1B-9124-EDA102D9C96C}.Debug|Any CPU.ActiveCfg = Debug|Any CPU
		{A93BA84F-CA28-4A1B-9124-EDA102D9C96C}.Debug|Any CPU.Build.0 = Debug|Any CPU
		{A93BA84F-CA28-4A1B-9124-EDA102D9C96C}.Debug|x64.ActiveCfg = Debug|Any CPU
		{A93BA84F-CA28-4A1B-9124-EDA102D9C96C}.Debug|x64.Build.0 = Debug|Any CPU
		{A93BA84F-CA28-4A1B-9124-EDA102D9C96C}.Debug|x86.ActiveCfg = Debug|Any CPU
		{A93BA84F-CA28-4A1B-9124-EDA102D9C96C}.Debug|x86.Build.0 = Debug|Any CPU
		{A93BA84F-CA28-4A1B-9124-EDA102D9C96C}.Release|Any CPU.ActiveCfg = Release|Any CPU
		{A93BA84F-CA28-4A1B-9124-EDA102D9C96C}.Release|Any CPU.Build.0 = Release|Any CPU
		{A93BA84F-CA28-4A1B-9124-EDA102D9C96C}.Release|x64.ActiveCfg = Release|Any CPU
		{A93BA84F-CA28-4A1B-9124-EDA102D9C96C}.Release|x64.Build.0 = Release|Any CPU
		{A93BA84F-CA28-4A1B-9124-EDA102D9C96C}.Release|x86.ActiveCfg = Release|Any CPU
		{A93BA84F-CA28-4A1B-9124-EDA102D9C96C}.Release|x86.Build.0 = Release|Any CPU
		{8E313E44-DEF8-FBE9-D72F-52DE56205732}.Debug|Any CPU.ActiveCfg = Debug|Any CPU
		{8E313E44-DEF8-FBE9-D72F-52DE56205732}.Debug|Any CPU.Build.0 = Debug|Any CPU
		{8E313E44-DEF8-FBE9-D72F-52DE56205732}.Debug|x64.ActiveCfg = Debug|Any CPU
		{8E313E44-DEF8-FBE9-D72F-52DE56205732}.Debug|x64.Build.0 = Debug|Any CPU
		{8E313E44-DEF8-FBE9-D72F-52DE56205732}.Debug|x86.ActiveCfg = Debug|Any CPU
		{8E313E44-DEF8-FBE9-D72F-52DE56205732}.Debug|x86.Build.0 = Debug|Any CPU
		{8E313E44-DEF8-FBE9-D72F-52DE56205732}.Release|Any CPU.ActiveCfg = Release|Any CPU
		{8E313E44-DEF8-FBE9-D72F-52DE56205732}.Release|Any CPU.Build.0 = Release|Any CPU
		{8E313E44-DEF8-FBE9-D72F-52DE56205732}.Release|x64.ActiveCfg = Release|Any CPU
		{8E313E44-DEF8-FBE9-D72F-52DE56205732}.Release|x64.Build.0 = Release|Any CPU
		{8E313E44-DEF8-FBE9-D72F-52DE56205732}.Release|x86.ActiveCfg = Release|Any CPU
		{8E313E44-DEF8-FBE9-D72F-52DE56205732}.Release|x86.Build.0 = Release|Any CPU
		{53704AB1-7E21-0CE3-54E9-1847EB572476}.Debug|Any CPU.ActiveCfg = Debug|Any CPU
		{53704AB1-7E21-0CE3-54E9-1847EB572476}.Debug|Any CPU.Build.0 = Debug|Any CPU
		{53704AB1-7E21-0CE3-54E9-1847EB572476}.Debug|x64.ActiveCfg = Debug|Any CPU
		{53704AB1-7E21-0CE3-54E9-1847EB572476}.Debug|x64.Build.0 = Debug|Any CPU
		{53704AB1-7E21-0CE3-54E9-1847EB572476}.Debug|x86.ActiveCfg = Debug|Any CPU
		{53704AB1-7E21-0CE3-54E9-1847EB572476}.Debug|x86.Build.0 = Debug|Any CPU
		{53704AB1-7E21-0CE3-54E9-1847EB572476}.Release|Any CPU.ActiveCfg = Release|Any CPU
		{53704AB1-7E21-0CE3-54E9-1847EB572476}.Release|Any CPU.Build.0 = Release|Any CPU
		{53704AB1-7E21-0CE3-54E9-1847EB572476}.Release|x64.ActiveCfg = Release|Any CPU
		{53704AB1-7E21-0CE3-54E9-1847EB572476}.Release|x64.Build.0 = Release|Any CPU
		{53704AB1-7E21-0CE3-54E9-1847EB572476}.Release|x86.ActiveCfg = Release|Any CPU
		{53704AB1-7E21-0CE3-54E9-1847EB572476}.Release|x86.Build.0 = Release|Any CPU
		{03575C94-4E1B-4096-931A-E721420EAC4B}.Debug|Any CPU.ActiveCfg = Debug|Any CPU
		{03575C94-4E1B-4096-931A-E721420EAC4B}.Debug|Any CPU.Build.0 = Debug|Any CPU
		{03575C94-4E1B-4096-931A-E721420EAC4B}.Debug|x64.ActiveCfg = Debug|Any CPU
		{03575C94-4E1B-4096-931A-E721420EAC4B}.Debug|x64.Build.0 = Debug|Any CPU
		{03575C94-4E1B-4096-931A-E721420EAC4B}.Debug|x86.ActiveCfg = Debug|Any CPU
		{03575C94-4E1B-4096-931A-E721420EAC4B}.Debug|x86.Build.0 = Debug|Any CPU
		{03575C94-4E1B-4096-931A-E721420EAC4B}.Release|Any CPU.ActiveCfg = Release|Any CPU
		{03575C94-4E1B-4096-931A-E721420EAC4B}.Release|Any CPU.Build.0 = Release|Any CPU
		{03575C94-4E1B-4096-931A-E721420EAC4B}.Release|x64.ActiveCfg = Release|Any CPU
		{03575C94-4E1B-4096-931A-E721420EAC4B}.Release|x64.Build.0 = Release|Any CPU
		{03575C94-4E1B-4096-931A-E721420EAC4B}.Release|x86.ActiveCfg = Release|Any CPU
		{03575C94-4E1B-4096-931A-E721420EAC4B}.Release|x86.Build.0 = Release|Any CPU
		{BDDE36EC-A6CA-426C-A455-E1A6A393DA5C}.Debug|Any CPU.ActiveCfg = Debug|Any CPU
		{BDDE36EC-A6CA-426C-A455-E1A6A393DA5C}.Debug|Any CPU.Build.0 = Debug|Any CPU
		{BDDE36EC-A6CA-426C-A455-E1A6A393DA5C}.Debug|x64.ActiveCfg = Debug|Any CPU
		{BDDE36EC-A6CA-426C-A455-E1A6A393DA5C}.Debug|x64.Build.0 = Debug|Any CPU
		{BDDE36EC-A6CA-426C-A455-E1A6A393DA5C}.Debug|x86.ActiveCfg = Debug|Any CPU
		{BDDE36EC-A6CA-426C-A455-E1A6A393DA5C}.Debug|x86.Build.0 = Debug|Any CPU
		{BDDE36EC-A6CA-426C-A455-E1A6A393DA5C}.Release|Any CPU.ActiveCfg = Release|Any CPU
		{BDDE36EC-A6CA-426C-A455-E1A6A393DA5C}.Release|Any CPU.Build.0 = Release|Any CPU
		{BDDE36EC-A6CA-426C-A455-E1A6A393DA5C}.Release|x64.ActiveCfg = Release|Any CPU
		{BDDE36EC-A6CA-426C-A455-E1A6A393DA5C}.Release|x64.Build.0 = Release|Any CPU
		{BDDE36EC-A6CA-426C-A455-E1A6A393DA5C}.Release|x86.ActiveCfg = Release|Any CPU
		{BDDE36EC-A6CA-426C-A455-E1A6A393DA5C}.Release|x86.Build.0 = Release|Any CPU
	EndGlobalSection
	GlobalSection(SolutionProperties) = preSolution
		HideSolutionNode = FALSE
	EndGlobalSection
	GlobalSection(NestedProjects) = preSolution
		{8896DB74-0AE7-76AB-6D88-DC3480EC5654} = {827E0CD3-B72D-47B6-A68D-7590B98EB39B}
		{C134ACFD-FFDA-4C86-918B-C9B50754DCF7} = {8896DB74-0AE7-76AB-6D88-DC3480EC5654}
		{F189ED35-A94B-7D30-0619-447111534BBD} = {827E0CD3-B72D-47B6-A68D-7590B98EB39B}
		{A93BA84F-CA28-4A1B-9124-EDA102D9C96C} = {F189ED35-A94B-7D30-0619-447111534BBD}
		{03575C94-4E1B-4096-931A-E721420EAC4B} = {827E0CD3-B72D-47B6-A68D-7590B98EB39B}
		{36A5552C-FC8E-78A5-7FA7-BBB9C0D8AE5C} = {827E0CD3-B72D-47B6-A68D-7590B98EB39B}
		{BDDE36EC-A6CA-426C-A455-E1A6A393DA5C} = {36A5552C-FC8E-78A5-7FA7-BBB9C0D8AE5C}
	EndGlobalSection
	GlobalSection(ExtensibilityGlobals) = postSolution
		SolutionGuid = {5A326CE0-DFBE-435C-AD8C-3CA905A96D98}
	EndGlobalSection
EndGlobal
