Microsoft Visual Studio Solution File, Format Version 12.00
# Visual Studio Version 18
VisualStudioVersion = 18.3.11222.16
MinimumVisualStudioVersion = 10.0.40219.1
Project("{2150E333-8FDC-42A3-9474-1A3956D46DE8}") = "Solution", "Solution", "{D829B9CA-75B7-4129-962A-2E31338C4A20}"
	ProjectSection(SolutionItems) = preProject
		.editorconfig = .editorconfig
		.gitattributes = .gitattributes
		.gitignore = .gitignore
		docfx.json = docfx.json
		Dockerfile = Dockerfile
		filterConfig.yml = filterConfig.yml
		test.runsettings = test.runsettings
		toc.yml = toc.yml
	EndProjectSection
EndProject
Project("{2150E333-8FDC-42A3-9474-1A3956D46DE8}") = "src", "src", "{827E0CD3-B72D-47B6-A68D-7590B98EB39B}"
EndProject
Project("{FAE04EC0-301F-11D3-BF4B-00C04F79EFBC}") = "Dx.Domain.Analyzers", "src\Dx.Domain.Analyzers\Dx.Domain.Analyzers.csproj", "{68EA1AB2-609D-4346-8A55-C424566E475D}"
EndProject
Project("{FAE04EC0-301F-11D3-BF4B-00C04F79EFBC}") = "Dx.Domain.Annotations", "src\Dx.Domain.Annotations\Dx.Domain.Annotations.csproj", "{FE15694B-E46C-49D7-A19D-C45B249B7A1B}"
EndProject
Project("{FAE04EC0-301F-11D3-BF4B-00C04F79EFBC}") = "Dx.Domain.Facts", "src\Dx.Domain.Facts\Dx.Domain.Facts.csproj", "{B0F5765F-B879-4DF4-88D4-29ECB198EE35}"
EndProject
Project("{FAE04EC0-301F-11D3-BF4B-00C04F79EFBC}") = "Dx.Domain.Kernel", "src\Dx.Domain.Kernel\Dx.Domain.Kernel.csproj", "{34F10FCD-F26D-4BD6-B74A-BAB276ACB97D}"
EndProject
Project("{FAE04EC0-301F-11D3-BF4B-00C04F79EFBC}") = "Dx.Domain.Primitives", "src\Dx.Domain.Primitives\Dx.Domain.Primitives.csproj", "{197ABEE7-88EE-4A31-A1FC-F0CC5C30BE5A}"
EndProject
Project("{2150E333-8FDC-42A3-9474-1A3956D46DE8}") = "tests", "tests", "{0AB3BF05-4346-4AA6-1389-037BE0695223}"
EndProject
Project("{FAE04EC0-301F-11D3-BF4B-00C04F79EFBC}") = "Dx.Domain.Analyzers.Tests", "tests\Dx.Domain.Analyzers.Tests\Dx.Domain.Analyzers.Tests.csproj", "{09CC08FA-AEEB-4BBA-BA47-16ED7D17232B}"
EndProject
Project("{2150E333-8FDC-42A3-9474-1A3956D46DE8}") = "builds", "builds", "{02EABD14-4135-4844-8FF4-712F8B0ED546}"
	ProjectSection(SolutionItems) = preProject
		Directory.Build.props = Directory.Build.props
		Directory.Build.targets = Directory.Build.targets
		Directory.Quality.targets = Directory.Quality.targets
		builds\ci\Dx.CI.props = builds\ci\Dx.CI.props
		builds\common\Dx.Constants.props = builds\common\Dx.Constants.props
		builds\common\Dx.Defaults.props = builds\common\Dx.Defaults.props
		builds\policy\Dx.DomainAnalyzerGovernance.targets = builds\policy\Dx.DomainAnalyzerGovernance.targets
		builds\policy\Dx.Forbidden.props = builds\policy\Dx.Forbidden.props
		builds\policy\Dx.Governance.targets = builds\policy\Dx.Governance.targets
		builds\identity\Dx.Identity.props = builds\identity\Dx.Identity.props
		builds\common\Dx.ProjectKinds.props = builds\common\Dx.ProjectKinds.props
		builds\Dx.Props.hierarchical.props = builds\Dx.Props.hierarchical.props
		builds\Dx.Props.hierarchical.targets = builds\Dx.Props.hierarchical.targets
		builds\identity\Dx.ResolveIdentity.targets = builds\identity\Dx.ResolveIdentity.targets
		builds\common\Dx.Versions.props = builds\common\Dx.Versions.props
	EndProjectSection
EndProject
Project("{FAE04EC0-301F-11D3-BF4B-00C04F79EFBC}") = "Dx.Domain.Tests", "tests\Dx.Domain.Tests\Dx.Domain.Tests.csproj", "{CA3AC565-FFBB-5520-6A61-9963ED84EA1C}"
EndProject
Global
	GlobalSection(SolutionConfigurationPlatforms) = preSolution
		Debug|Any CPU = Debug|Any CPU
		Debug|x64 = Debug|x64
		Debug|x86 = Debug|x86
		Release|Any CPU = Release|Any CPU
		Release|x64 = Release|x64
		Release|x86 = Release|x86
	EndGlobalSection
	GlobalSection(ProjectConfigurationPlatforms) = postSolution
		{68EA1AB2-609D-4346-8A55-C424566E475D}.Debug|Any CPU.ActiveCfg = Debug|Any CPU
		{68EA1AB2-609D-4346-8A55-C424566E475D}.Debug|Any CPU.Build.0 = Debug|Any CPU
		{68EA1AB2-609D-4346-8A55-C424566E475D}.Debug|x64.ActiveCfg = Debug|Any CPU
		{68EA1AB2-609D-4346-8A55-C424566E475D}.Debug|x64.Build.0 = Debug|Any CPU
		{68EA1AB2-609D-4346-8A55-C424566E475D}.Debug|x86.ActiveCfg = Debug|Any CPU
		{68EA1AB2-609D-4346-8A55-C424566E475D}.Debug|x86.Build.0 = Debug|Any CPU
		{68EA1AB2-609D-4346-8A55-C424566E475D}.Release|Any CPU.ActiveCfg = Release|Any CPU
		{68EA1AB2-609D-4346-8A55-C424566E475D}.Release|Any CPU.Build.0 = Release|Any CPU
		{68EA1AB2-609D-4346-8A55-C424566E475D}.Release|x64.ActiveCfg = Release|Any CPU
		{68EA1AB2-609D-4346-8A55-C424566E475D}.Release|x64.Build.0 = Release|Any CPU
		{68EA1AB2-609D-4346-8A55-C424566E475D}.Release|x86.ActiveCfg = Release|Any CPU
		{68EA1AB2-609D-4346-8A55-C424566E475D}.Release|x86.Build.0 = Release|Any CPU
		{FE15694B-E46C-49D7-A19D-C45B249B7A1B}.Debug|Any CPU.ActiveCfg = Debug|Any CPU
		{FE15694B-E46C-49D7-A19D-C45B249B7A1B}.Debug|Any CPU.Build.0 = Debug|Any CPU
		{FE15694B-E46C-49D7-A19D-C45B249B7A1B}.Debug|x64.ActiveCfg = Debug|Any CPU
		{FE15694B-E46C-49D7-A19D-C45B249B7A1B}.Debug|x64.Build.0 = Debug|Any CPU
		{FE15694B-E46C-49D7-A19D-C45B249B7A1B}.Debug|x86.ActiveCfg = Debug|Any CPU
		{FE15694B-E46C-49D7-A19D-C45B249B7A1B}.Debug|x86.Build.0 = Debug|Any CPU
		{FE15694B-E46C-49D7-A19D-C45B249B7A1B}.Release|Any CPU.ActiveCfg = Release|Any CPU
		{FE15694B-E46C-49D7-A19D-C45B249B7A1B}.Release|Any CPU.Build.0 = Release|Any CPU
		{FE15694B-E46C-49D7-A19D-C45B249B7A1B}.Release|x64.ActiveCfg = Release|Any CPU
		{FE15694B-E46C-49D7-A19D-C45B249B7A1B}.Release|x64.Build.0 = Release|Any CPU
		{FE15694B-E46C-49D7-A19D-C45B249B7A1B}.Release|x86.ActiveCfg = Release|Any CPU
		{FE15694B-E46C-49D7-A19D-C45B249B7A1B}.Release|x86.Build.0 = Release|Any CPU
		{B0F5765F-B879-4DF4-88D4-29ECB198EE35}.Debug|Any CPU.ActiveCfg = Debug|Any CPU
		{B0F5765F-B879-4DF4-88D4-29ECB198EE35}.Debug|Any CPU.Build.0 = Debug|Any CPU
		{B0F5765F-B879-4DF4-88D4-29ECB198EE35}.Debug|x64.ActiveCfg = Debug|Any CPU
		{B0F5765F-B879-4DF4-88D4-29ECB198EE35}.Debug|x64.Build.0 = Debug|Any CPU
		{B0F5765F-B879-4DF4-88D4-29ECB198EE35}.Debug|x86.ActiveCfg = Debug|Any CPU
		{B0F5765F-B879-4DF4-88D4-29ECB198EE35}.Debug|x86.Build.0 = Debug|Any CPU
		{B0F5765F-B879-4DF4-88D4-29ECB198EE35}.Release|Any CPU.ActiveCfg = Release|Any CPU
		{B0F5765F-B879-4DF4-88D4-29ECB198EE35}.Release|Any CPU.Build.0 = Release|Any CPU
		{B0F5765F-B879-4DF4-88D4-29ECB198EE35}.Release|x64.ActiveCfg = Release|Any CPU
		{B0F5765F-B879-4DF4-88D4-29ECB198EE35}.Release|x64.Build.0 = Release|Any CPU
		{B0F5765F-B879-4DF4-88D4-29ECB198EE35}.Release|x86.ActiveCfg = Release|Any CPU
		{B0F5765F-B879-4DF4-88D4-29ECB198EE35}.Release|x86.Build.0 = Release|Any CPU
		{34F10FCD-F26D-4BD6-B74A-BAB276ACB97D}.Debug|Any CPU.ActiveCfg = Debug|Any CPU
		{34F10FCD-F26D-4BD6-B74A-BAB276ACB97D}.Debug|Any CPU.Build.0 = Debug|Any CPU
		{34F10FCD-F26D-4BD6-B74A-BAB276ACB97D}.Debug|x64.ActiveCfg = Debug|Any CPU
		{34F10FCD-F26D-4BD6-B74A-BAB276ACB97D}.Debug|x64.Build.0 = Debug|Any CPU
		{34F10FCD-F26D-4BD6-B74A-BAB276ACB97D}.Debug|x86.ActiveCfg = Debug|Any CPU
		{34F10FCD-F26D-4BD6-B74A-BAB276ACB97D}.Debug|x86.Build.0 = Debug|Any CPU
		{34F10FCD-F26D-4BD6-B74A-BAB276ACB97D}.Release|Any CPU.ActiveCfg = Release|Any CPU
		{34F10FCD-F26D-4BD6-B74A-BAB276ACB97D}.Release|Any CPU.Build.0 = Release|Any CPU
		{34F10FCD-F26D-4BD6-B74A-BAB276ACB97D}.Release|x64.ActiveCfg = Release|Any CPU
		{34F10FCD-F26D-4BD6-B74A-BAB276ACB97D}.Release|x64.Build.0 = Release|Any CPU
		{34F10FCD-F26D-4BD6-B74A-BAB276ACB97D}.Release|x86.ActiveCfg = Release|Any CPU
		{34F10FCD-F26D-4BD6-B74A-BAB276ACB97D}.Release|x86.Build.0 = Release|Any CPU
		{197ABEE7-88EE-4A31-A1FC-F0CC5C30BE5A}.Debug|Any CPU.ActiveCfg = Debug|Any CPU
		{197ABEE7-88EE-4A31-A1FC-F0CC5C30BE5A}.Debug|Any CPU.Build.0 = Debug|Any CPU
		{197ABEE7-88EE-4A31-A1FC-F0CC5C30BE5A}.Debug|x64.ActiveCfg = Debug|Any CPU
		{197ABEE7-88EE-4A31-A1FC-F0CC5C30BE5A}.Debug|x64.Build.0 = Debug|Any CPU
		{197ABEE7-88EE-4A31-A1FC-F0CC5C30BE5A}.Debug|x86.ActiveCfg = Debug|Any CPU
		{197ABEE7-88EE-4A31-A1FC-F0CC5C30BE5A}.Debug|x86.Build.0 = Debug|Any CPU
		{197ABEE7-88EE-4A31-A1FC-F0CC5C30BE5A}.Release|Any CPU.ActiveCfg = Release|Any CPU
		{197ABEE7-88EE-4A31-A1FC-F0CC5C30BE5A}.Release|Any CPU.Build.0 = Release|Any CPU
		{197ABEE7-88EE-4A31-A1FC-F0CC5C30BE5A}.Release|x64.ActiveCfg = Release|Any CPU
		{197ABEE7-88EE-4A31-A1FC-F0CC5C30BE5A}.Release|x64.Build.0 = Release|Any CPU
		{197ABEE7-88EE-4A31-A1FC-F0CC5C30BE5A}.Release|x86.ActiveCfg = Release|Any CPU
		{197ABEE7-88EE-4A31-A1FC-F0CC5C30BE5A}.Release|x86.Build.0 = Release|Any CPU
		{09CC08FA-AEEB-4BBA-BA47-16ED7D17232B}.Debug|Any CPU.ActiveCfg = Debug|Any CPU
		{09CC08FA-AEEB-4BBA-BA47-16ED7D17232B}.Debug|Any CPU.Build.0 = Debug|Any CPU
		{09CC08FA-AEEB-4BBA-BA47-16ED7D17232B}.Debug|x64.ActiveCfg = Debug|Any CPU
		{09CC08FA-AEEB-4BBA-BA47-16ED7D17232B}.Debug|x64.Build.0 = Debug|Any CPU
		{09CC08FA-AEEB-4BBA-BA47-16ED7D17232B}.Debug|x86.ActiveCfg = Debug|Any CPU
		{09CC08FA-AEEB-4BBA-BA47-16ED7D17232B}.Debug|x86.Build.0 = Debug|Any CPU
		{09CC08FA-AEEB-4BBA-BA47-16ED7D17232B}.Release|Any CPU.ActiveCfg = Release|Any CPU
		{09CC08FA-AEEB-4BBA-BA47-16ED7D17232B}.Release|Any CPU.Build.0 = Release|Any CPU
		{09CC08FA-AEEB-4BBA-BA47-16ED7D17232B}.Release|x64.ActiveCfg = Release|Any CPU
		{09CC08FA-AEEB-4BBA-BA47-16ED7D17232B}.Release|x64.Build.0 = Release|Any CPU
		{09CC08FA-AEEB-4BBA-BA47-16ED7D17232B}.Release|x86.ActiveCfg = Release|Any CPU
		{09CC08FA-AEEB-4BBA-BA47-16ED7D17232B}.Release|x86.Build.0 = Release|Any CPU
		{CA3AC565-FFBB-5520-6A61-9963ED84EA1C}.Debug|Any CPU.ActiveCfg = Debug|Any CPU
		{CA3AC565-FFBB-5520-6A61-9963ED84EA1C}.Debug|Any CPU.Build.0 = Debug|Any CPU
		{CA3AC565-FFBB-5520-6A61-9963ED84EA1C}.Debug|x64.ActiveCfg = Debug|Any CPU
		{CA3AC565-FFBB-5520-6A61-9963ED84EA1C}.Debug|x64.Build.0 = Debug|Any CPU
		{CA3AC565-FFBB-5520-6A61-9963ED84EA1C}.Debug|x86.ActiveCfg = Debug|Any CPU
		{CA3AC565-FFBB-5520-6A61-9963ED84EA1C}.Debug|x86.Build.0 = Debug|Any CPU
		{CA3AC565-FFBB-5520-6A61-9963ED84EA1C}.Release|Any CPU.ActiveCfg = Release|Any CPU
		{CA3AC565-FFBB-5520-6A61-9963ED84EA1C}.Release|Any CPU.Build.0 = Release|Any CPU
		{CA3AC565-FFBB-5520-6A61-9963ED84EA1C}.Release|x64.ActiveCfg = Release|Any CPU
		{CA3AC565-FFBB-5520-6A61-9963ED84EA1C}.Release|x64.Build.0 = Release|Any CPU
		{CA3AC565-FFBB-5520-6A61-9963ED84EA1C}.Release|x86.ActiveCfg = Release|Any CPU
		{CA3AC565-FFBB-5520-6A61-9963ED84EA1C}.Release|x86.Build.0 = Release|Any CPU
	EndGlobalSection
	GlobalSection(SolutionProperties) = preSolution
		HideSolutionNode = FALSE
	EndGlobalSection
	GlobalSection(NestedProjects) = preSolution
		{68EA1AB2-609D-4346-8A55-C424566E475D} = {827E0CD3-B72D-47B6-A68D-7590B98EB39B}
		{FE15694B-E46C-49D7-A19D-C45B249B7A1B} = {827E0CD3-B72D-47B6-A68D-7590B98EB39B}
		{B0F5765F-B879-4DF4-88D4-29ECB198EE35} = {827E0CD3-B72D-47B6-A68D-7590B98EB39B}
		{34F10FCD-F26D-4BD6-B74A-BAB276ACB97D} = {827E0CD3-B72D-47B6-A68D-7590B98EB39B}
		{197ABEE7-88EE-4A31-A1FC-F0CC5C30BE5A} = {827E0CD3-B72D-47B6-A68D-7590B98EB39B}
		{09CC08FA-AEEB-4BBA-BA47-16ED7D17232B} = {0AB3BF05-4346-4AA6-1389-037BE0695223}
		{CA3AC565-FFBB-5520-6A61-9963ED84EA1C} = {0AB3BF05-4346-4AA6-1389-037BE0695223}
	EndGlobalSection
	GlobalSection(ExtensibilityGlobals) = postSolution
		SolutionGuid = {5A326CE0-DFBE-435C-AD8C-3CA905A96D98}
	EndGlobalSection
EndGlobal
